// !$*UTF8*$!
{
	archiveVersion = 1;
	classes = {
	};
	objectVersion = 46;
	objects = {

/* Begin PBXBuildFile section */
		3CA4D0E01A8B216B0009A4EC /* main.m in Sources */ = {isa = PBXBuildFile; fileRef = 3CA4D0DF1A8B216B0009A4EC /* main.m */; };
		3CA4D0E31A8B216B0009A4EC /* AppDelegate.m in Sources */ = {isa = PBXBuildFile; fileRef = 3CA4D0E21A8B216B0009A4EC /* AppDelegate.m */; };
		3CA4D0EB1A8B216B0009A4EC /* Images.xcassets in Resources */ = {isa = PBXBuildFile; fileRef = 3CA4D0EA1A8B216B0009A4EC /* Images.xcassets */; };
		3CA4D0EE1A8B216B0009A4EC /* LaunchScreen.xib in Resources */ = {isa = PBXBuildFile; fileRef = 3CA4D0EC1A8B216B0009A4EC /* LaunchScreen.xib */; };
		3CA4D0FA1A8B216B0009A4EC /* NIB____Tests.m in Sources */ = {isa = PBXBuildFile; fileRef = 3CA4D0F91A8B216B0009A4EC /* NIB____Tests.m */; };
		3CA4D1041A8B220E0009A4EC /* mainEmpty.xib in Resources */ = {isa = PBXBuildFile; fileRef = 3CA4D1031A8B220E0009A4EC /* mainEmpty.xib */; };
/* End PBXBuildFile section */

/* Begin PBXContainerItemProxy section */
		3CA4D0F41A8B216B0009A4EC /* PBXContainerItemProxy */ = {
			isa = PBXContainerItemProxy;
			containerPortal = 3CA4D0D21A8B216B0009A4EC /* Project object */;
			proxyType = 1;
			remoteGlobalIDString = 3CA4D0D91A8B216B0009A4EC;
			remoteInfo = "NIB_标签栏";
		};
/* End PBXContainerItemProxy section */

/* Begin PBXFileReference section */
		3CA4D0DA1A8B216B0009A4EC /* NIB_标签栏.app */ = {isa = PBXFileReference; explicitFileType = wrapper.application; includeInIndex = 0; path = "NIB_标签栏.app"; sourceTree = BUILT_PRODUCTS_DIR; };
		3CA4D0DE1A8B216B0009A4EC /* Info.plist */ = {isa = PBXFileReference; lastKnownFileType = text.plist.xml; path = Info.plist; sourceTree = "<group>"; };
		3CA4D0DF1A8B216B0009A4EC /* main.m */ = {isa = PBXFileReference; lastKnownFileType = sourcecode.c.objc; path = main.m; sourceTree = "<group>"; };
		3CA4D0E11A8B216B0009A4EC /* AppDelegate.h */ = {isa = PBXFileReference; lastKnownFileType = sourcecode.c.h; path = AppDelegate.h; sourceTree = "<group>"; };
		3CA4D0E21A8B216B0009A4EC /* AppDelegate.m */ = {isa = PBXFileReference; lastKnownFileType = sourcecode.c.objc; path = AppDelegate.m; sourceTree = "<group>"; };
		3CA4D0EA1A8B216B0009A4EC /* Images.xcassets */ = {isa = PBXFileReference; lastKnownFileType = folder.assetcatalog; path = Images.xcassets; sourceTree = "<group>"; };
		3CA4D0ED1A8B216B0009A4EC /* Base */ = {isa = PBXFileReference; lastKnownFileType = file.xib; name = Base; path = Base.lproj/LaunchScreen.xib; sourceTree = "<group>"; };
		3CA4D0F31A8B216B0009A4EC /* NIB_标签栏Tests.xctest */ = {isa = PBXFileReference; explicitFileType = wrapper.cfbundle; includeInIndex = 0; path = "NIB_标签栏Tests.xctest"; sourceTree = BUILT_PRODUCTS_DIR; };
		3CA4D0F81A8B216B0009A4EC /* Info.plist */ = {isa = PBXFileReference; lastKnownFileType = text.plist.xml; path = Info.plist; sourceTree = "<group>"; };
		3CA4D0F91A8B216B0009A4EC /* NIB____Tests.m */ = {isa = PBXFileReference; lastKnownFileType = sourcecode.c.objc; path = "NIB____Tests.m"; sourceTree = "<group>"; };
		3CA4D1031A8B220E0009A4EC /* mainEmpty.xib */ = {isa = PBXFileReference; fileEncoding = 4; lastKnownFileType = file.xib; path = mainEmpty.xib; sourceTree = "<group>"; };
/* End PBXFileReference section */

/* Begin PBXFrameworksBuildPhase section */
		3CA4D0D71A8B216B0009A4EC /* Frameworks */ = {
			isa = PBXFrameworksBuildPhase;
			buildActionMask = 2147483647;
			files = (
			);
			runOnlyForDeploymentPostprocessing = 0;
		};
		3CA4D0F01A8B216B0009A4EC /* Frameworks */ = {
			isa = PBXFrameworksBuildPhase;
			buildActionMask = 2147483647;
			files = (
			);
			runOnlyForDeploymentPostprocessing = 0;
		};
/* End PBXFrameworksBuildPhase section */

/* Begin PBXGroup section */
		3CA4D0D11A8B216B0009A4EC = {
			isa = PBXGroup;
			children = (
				3CA4D0DC1A8B216B0009A4EC /* NIB_标签栏 */,
				3CA4D0F61A8B216B0009A4EC /* NIB_标签栏Tests */,
				3CA4D0DB1A8B216B0009A4EC /* Products */,
			);
			sourceTree = "<group>";
		};
		3CA4D0DB1A8B216B0009A4EC /* Products */ = {
			isa = PBXGroup;
			children = (
				3CA4D0DA1A8B216B0009A4EC /* NIB_标签栏.app */,
				3CA4D0F31A8B216B0009A4EC /* NIB_标签栏Tests.xctest */,
			);
			name = Products;
			sourceTree = "<group>";
		};
		3CA4D0DC1A8B216B0009A4EC /* NIB_标签栏 */ = {
			isa = PBXGroup;
			children = (
				3CA4D0E11A8B216B0009A4EC /* AppDelegate.h */,
				3CA4D0E21A8B216B0009A4EC /* AppDelegate.m */,
				3CA4D0EA1A8B216B0009A4EC /* Images.xcassets */,
				3CA4D0EC1A8B216B0009A4EC /* LaunchScreen.xib */,
				3CA4D0DD1A8B216B0009A4EC /* Supporting Files */,
				3CA4D1031A8B220E0009A4EC /* mainEmpty.xib */,
			);
			path = "NIB_标签栏";
			sourceTree = "<group>";
		};
		3CA4D0DD1A8B216B0009A4EC /* Supporting Files */ = {
			isa = PBXGroup;
			children = (
				3CA4D0DE1A8B216B0009A4EC /* Info.plist */,
				3CA4D0DF1A8B216B0009A4EC /* main.m */,
			);
			name = "Supporting Files";
			sourceTree = "<group>";
		};
		3CA4D0F61A8B216B0009A4EC /* NIB_标签栏Tests */ = {
			isa = PBXGroup;
			children = (
				3CA4D0F91A8B216B0009A4EC /* NIB____Tests.m */,
				3CA4D0F71A8B216B0009A4EC /* Supporting Files */,
			);
			path = "NIB_标签栏Tests";
			sourceTree = "<group>";
		};
		3CA4D0F71A8B216B0009A4EC /* Supporting Files */ = {
			isa = PBXGroup;
			children = (
				3CA4D0F81A8B216B0009A4EC /* Info.plist */,
			);
			name = "Supporting Files";
			sourceTree = "<group>";
		};
/* End PBXGroup section */

/* Begin PBXNativeTarget section */
		3CA4D0D91A8B216B0009A4EC /* NIB_标签栏 */ = {
			isa = PBXNativeTarget;
			buildConfigurationList = 3CA4D0FD1A8B216B0009A4EC /* Build configuration list for PBXNativeTarget "NIB_标签栏" */;
			buildPhases = (
				3CA4D0D61A8B216B0009A4EC /* Sources */,
				3CA4D0D71A8B216B0009A4EC /* Frameworks */,
				3CA4D0D81A8B216B0009A4EC /* Resources */,
			);
			buildRules = (
			);
			dependencies = (
			);
			name = "NIB_标签栏";
			productName = "NIB_标签栏";
			productReference = 3CA4D0DA1A8B216B0009A4EC /* NIB_标签栏.app */;
			productType = "com.apple.product-type.application";
		};
		3CA4D0F21A8B216B0009A4EC /* NIB_标签栏Tests */ = {
			isa = PBXNativeTarget;
			buildConfigurationList = 3CA4D1001A8B216B0009A4EC /* Build configuration list for PBXNativeTarget "NIB_标签栏Tests" */;
			buildPhases = (
				3CA4D0EF1A8B216B0009A4EC /* Sources */,
				3CA4D0F01A8B216B0009A4EC /* Frameworks */,
				3CA4D0F11A8B216B0009A4EC /* Resources */,
			);
			buildRules = (
			);
			dependencies = (
				3CA4D0F51A8B216B0009A4EC /* PBXTargetDependency */,
			);
			name = "NIB_标签栏Tests";
			productName = "NIB_标签栏Tests";
			productReference = 3CA4D0F31A8B216B0009A4EC /* NIB_标签栏Tests.xctest */;
			productType = "com.apple.product-type.bundle.unit-test";
		};
/* End PBXNativeTarget section */

/* Begin PBXProject section */
		3CA4D0D21A8B216B0009A4EC /* Project object */ = {
			isa = PBXProject;
			attributes = {
				LastUpgradeCheck = 0610;
				ORGANIZATIONNAME = wyzc;
				TargetAttributes = {
					3CA4D0D91A8B216B0009A4EC = {
						CreatedOnToolsVersion = 6.1;
					};
					3CA4D0F21A8B216B0009A4EC = {
						CreatedOnToolsVersion = 6.1;
						TestTargetID = 3CA4D0D91A8B216B0009A4EC;
					};
				};
			};
			buildConfigurationList = 3CA4D0D51A8B216B0009A4EC /* Build configuration list for PBXProject "NIB_标签栏" */;
			compatibilityVersion = "Xcode 3.2";
			developmentRegion = English;
			hasScannedForEncodings = 0;
			knownRegions = (
				en,
				Base,
			);
			mainGroup = 3CA4D0D11A8B216B0009A4EC;
			productRefGroup = 3CA4D0DB1A8B216B0009A4EC /* Products */;
			projectDirPath = "";
			projectRoot = "";
			targets = (
				3CA4D0D91A8B216B0009A4EC /* NIB_标签栏 */,
				3CA4D0F21A8B216B0009A4EC /* NIB_标签栏Tests */,
			);
		};
/* End PBXProject section */

/* Begin PBXResourcesBuildPhase section */
		3CA4D0D81A8B216B0009A4EC /* Resources */ = {
			isa = PBXResourcesBuildPhase;
			buildActionMask = 2147483647;
			files = (
				3CA4D1041A8B220E0009A4EC /* mainEmpty.xib in Resources */,
				3CA4D0EE1A8B216B0009A4EC /* LaunchScreen.xib in Resources */,
				3CA4D0EB1A8B216B0009A4EC /* Images.xcassets in Resources */,
			);
			runOnlyForDeploymentPostprocessing = 0;
		};
		3CA4D0F11A8B216B0009A4EC /* Resources */ = {
			isa = PBXResourcesBuildPhase;
			buildActionMask = 2147483647;
			files = (
			);
			runOnlyForDeploymentPostprocessing = 0;
		};
/* End PBXResourcesBuildPhase section */

/* Begin PBXSourcesBuildPhase section */
		3CA4D0D61A8B216B0009A4EC /* Sources */ = {
			isa = PBXSourcesBuildPhase;
			buildActionMask = 2147483647;
			files = (
				3CA4D0E31A8B216B0009A4EC /* AppDelegate.m in Sources */,
				3CA4D0E01A8B216B0009A4EC /* main.m in Sources */,
			);
			runOnlyForDeploymentPostprocessing = 0;
		};
		3CA4D0EF1A8B216B0009A4EC /* Sources */ = {
			isa = PBXSourcesBuildPhase;
			buildActionMask = 2147483647;
			files = (
				3CA4D0FA1A8B216B0009A4EC /* NIB____Tests.m in Sources */,
			);
			runOnlyForDeploymentPostprocessing = 0;
		};
/* End PBXSourcesBuildPhase section */

/* Begin PBXTargetDependency section */
		3CA4D0F51A8B216B0009A4EC /* PBXTargetDependency */ = {
			isa = PBXTargetDependency;
			target = 3CA4D0D91A8B216B0009A4EC /* NIB_标签栏 */;
			targetProxy = 3CA4D0F41A8B216B0009A4EC /* PBXContainerItemProxy */;
		};
/* End PBXTargetDependency section */

/* Begin PBXVariantGroup section */
		3CA4D0EC1A8B216B0009A4EC /* LaunchScreen.xib */ = {
			isa = PBXVariantGroup;
			children = (
				3CA4D0ED1A8B216B0009A4EC /* Base */,
			);
			name = LaunchScreen.xib;
			sourceTree = "<group>";
		};
/* End PBXVariantGroup section */

/* Begin XCBuildConfiguration section */
		3CA4D0FB1A8B216B0009A4EC /* Debug */ = {
			isa = XCBuildConfiguration;
			buildSettings = {
				ALWAYS_SEARCH_USER_PATHS = NO;
				CLANG_CXX_LANGUAGE_STANDARD = "gnu++0x";
				CLANG_CXX_LIBRARY = "libc++";
				CLANG_ENABLE_MODULES = YES;
				CLANG_ENABLE_OBJC_ARC = YES;
				CLANG_WARN_BOOL_CONVERSION = YES;
				CLANG_WARN_CONSTANT_CONVERSION = YES;
				CLANG_WARN_DIRECT_OBJC_ISA_USAGE = YES_ERROR;
				CLANG_WARN_EMPTY_BODY = YES;
				CLANG_WARN_ENUM_CONVERSION = YES;
				CLANG_WARN_INT_CONVERSION = YES;
				CLANG_WARN_OBJC_ROOT_CLASS = YES_ERROR;
				CLANG_WARN_UNREACHABLE_CODE = YES;
				CLANG_WARN__DUPLICATE_METHOD_MATCH = YES;
				"CODE_SIGN_IDENTITY[sdk=iphoneos*]" = "iPhone Developer";
				COPY_PHASE_STRIP = NO;
				ENABLE_STRICT_OBJC_MSGSEND = YES;
				GCC_C_LANGUAGE_STANDARD = gnu99;
				GCC_DYNAMIC_NO_PIC = NO;
				GCC_OPTIMIZATION_LEVEL = 0;
				GCC_PREPROCESSOR_DEFINITIONS = (
					"DEBUG=1",
					"$(inherited)",
				);
				GCC_SYMBOLS_PRIVATE_EXTERN = NO;
				GCC_WARN_64_TO_32_BIT_CONVERSION = YES;
				GCC_WARN_ABOUT_RETURN_TYPE = YES_ERROR;
				GCC_WARN_UNDECLARED_SELECTOR = YES;
				GCC_WARN_UNINITIALIZED_AUTOS = YES_AGGRESSIVE;
				GCC_WARN_UNUSED_FUNCTION = YES;
				GCC_WARN_UNUSED_VARIABLE = YES;
				IPHONEOS_DEPLOYMENT_TARGET = 8.1;
				MTL_ENABLE_DEBUG_INFO = YES;
				ONLY_ACTIVE_ARCH = YES;
				SDKROOT = iphoneos;
			};
			name = Debug;
		};
		3CA4D0FC1A8B216B0009A4EC /* Release */ = {
			isa = XCBuildConfiguration;
			buildSettings = {
				ALWAYS_SEARCH_USER_PATHS = NO;
				CLANG_CXX_LANGUAGE_STANDARD = "gnu++0x";
				CLANG_CXX_LIBRARY = "libc++";
				CLANG_ENABLE_MODULES = YES;
				CLANG_ENABLE_OBJC_ARC = YES;
				CLANG_WARN_BOOL_CONVERSION = YES;
				CLANG_WARN_CONSTANT_CONVERSION = YES;
				CLANG_WARN_DIRECT_OBJC_ISA_USAGE = YES_ERROR;
				CLANG_WARN_EMPTY_BODY = YES;
				CLANG_WARN_ENUM_CONVERSION = YES;
				CLANG_WARN_INT_CONVERSION = YES;
				CLANG_WARN_OBJC_ROOT_CLASS = YES_ERROR;
				CLANG_WARN_UNREACHABLE_CODE = YES;
				CLANG_WARN__DUPLICATE_METHOD_MATCH = YES;
				"CODE_SIGN_IDENTITY[sdk=iphoneos*]" = "iPhone Developer";
				COPY_PHASE_STRIP = YES;
				ENABLE_NS_ASSERTIONS = NO;
				ENABLE_STRICT_OBJC_MSGSEND = YES;
				GCC_C_LANGUAGE_STANDARD = gnu99;
				GCC_WARN_64_TO_32_BIT_CONVERSION = YES;
				GCC_WARN_ABOUT_RETURN_TYPE = YES_ERROR;
				GCC_WARN_UNDECLARED_SELECTOR = YES;
				GCC_WARN_UNINITIALIZED_AUTOS = YES_AGGRESSIVE;
				GCC_WARN_UNUSED_FUNCTION = YES;
				GCC_WARN_UNUSED_VARIABLE = YES;
				IPHONEOS_DEPLOYMENT_TARGET = 8.1;
				MTL_ENABLE_DEBUG_INFO = NO;
				SDKROOT = iphoneos;
				VALIDATE_PRODUCT = YES;
			};
			name = Release;
		};
		3CA4D0FE1A8B216B0009A4EC /* Debug */ = {
			isa = XCBuildConfiguration;
			buildSettings = {
				ASSETCATALOG_COMPILER_APPICON_NAME = AppIcon;
				INFOPLIST_FILE = "NIB_标签栏/Info.plist";
				LD_RUNPATH_SEARCH_PATHS = "$(inherited) @executable_path/Frameworks";
				PRODUCT_NAME = "$(TARGET_NAME)";
			};
			name = Debug;
		};
		3CA4D0FF1A8B216B0009A4EC /* Release */ = {
			isa = XCBuildConfiguration;
			buildSettings = {
				ASSETCATALOG_COMPILER_APPICON_NAME = AppIcon;
				INFOPLIST_FILE = "NIB_标签栏/Info.plist";
				LD_RUNPATH_SEARCH_PATHS = "$(inherited) @executable_path/Frameworks";
				PRODUCT_NAME = "$(TARGET_NAME)";
			};
			name = Release;
		};
		3CA4D1011A8B216B0009A4EC /* Debug */ = {
			isa = XCBuildConfiguration;
			buildSettings = {
				BUNDLE_LOADER = "$(TEST_HOST)";
				FRAMEWORK_SEARCH_PATHS = (
					"$(SDKROOT)/Developer/Library/Frameworks",
					"$(inherited)",
				);
				GCC_PREPROCESSOR_DEFINITIONS = (
					"DEBUG=1",
					"$(inherited)",
				);
				INFOPLIST_FILE = "NIB_标签栏Tests/Info.plist";
				LD_RUNPATH_SEARCH_PATHS = "$(inherited) @executable_path/Frameworks @loader_path/Frameworks";
				PRODUCT_NAME = "$(TARGET_NAME)";
				TEST_HOST = "$(BUILT_PRODUCTS_DIR)/NIB_标签栏.app/NIB_标签栏";
			};
			name = Debug;
		};
		3CA4D1021A8B216B0009A4EC /* Release */ = {
			isa = XCBuildConfiguration;
			buildSettings = {
				BUNDLE_LOADER = "$(TEST_HOST)";
				FRAMEWORK_SEARCH_PATHS = (
					"$(SDKROOT)/Developer/Library/Frameworks",
					"$(inherited)",
				);
				INFOPLIST_FILE = "NIB_标签栏Tests/Info.plist";
				LD_RUNPATH_SEARCH_PATHS = "$(inherited) @executable_path/Frameworks @loader_path/Frameworks";
				PRODUCT_NAME = "$(TARGET_NAME)";
				TEST_HOST = "$(BUILT_PRODUCTS_DIR)/NIB_标签栏.app/NIB_标签栏";
			};
			name = Release;
		};
/* End XCBuildConfiguration section */

/* Begin XCConfigurationList section */
		3CA4D0D51A8B216B0009A4EC /* Build configuration list for PBXProject "NIB_标签栏" */ = {
			isa = XCConfigurationList;
			buildConfigurations = (
				3CA4D0FB1A8B216B0009A4EC /* Debug */,
				3CA4D0FC1A8B216B0009A4EC /* Release */,
			);
			defaultConfigurationIsVisible = 0;
			defaultConfigurationName = Release;
		};
		3CA4D0FD1A8B216B0009A4EC /* Build configuration list for PBXNativeTarget "NIB_标签栏" */ = {
			isa = XCConfigurationList;
			buildConfigurations = (
				3CA4D0FE1A8B216B0009A4EC /* Debug */,
				3CA4D0FF1A8B216B0009A4EC /* Release */,
			);
			defaultConfigurationIsVisible = 0;
		};
		3CA4D1001A8B216B0009A4EC /* Build configuration list for PBXNativeTarget "NIB_标签栏Tests" */ = {
			isa = XCConfigurationList;
			buildConfigurations = (
				3CA4D1011A8B216B0009A4EC /* Debug */,
				3CA4D1021A8B216B0009A4EC /* Release */,
			);
			defaultConfigurationIsVisible = 0;
		};
/* End XCConfigurationList section */
	};
	rootObject = 3CA4D0D21A8B216B0009A4EC /* Project object */;
}
