// !$*UTF8*$!
{
	archiveVersion = 1;
	classes = {
	};
	objectVersion = 46;
	objects = {

/* Begin PBXBuildFile section */
		705C134C1A78907100DC91FB /* main.m in Sources */ = {isa = PBXBuildFile; fileRef = 705C134B1A78907100DC91FB /* main.m */; };
		705C134F1A78907100DC91FB /* AppDelegate.m in Sources */ = {isa = PBXBuildFile; fileRef = 705C134E1A78907100DC91FB /* AppDelegate.m */; };
		705C13521A78907100DC91FB /* ViewController.m in Sources */ = {isa = PBXBuildFile; fileRef = 705C13511A78907100DC91FB /* ViewController.m */; };
		705C13551A78907100DC91FB /* Main.storyboard in Resources */ = {isa = PBXBuildFile; fileRef = 705C13531A78907100DC91FB /* Main.storyboard */; };
		705C13571A78907100DC91FB /* Images.xcassets in Resources */ = {isa = PBXBuildFile; fileRef = 705C13561A78907100DC91FB /* Images.xcassets */; };
		705C135A1A78907100DC91FB /* LaunchScreen.xib in Resources */ = {isa = PBXBuildFile; fileRef = 705C13581A78907100DC91FB /* LaunchScreen.xib */; };
		705C13661A78907100DC91FB /* __Tests.m in Sources */ = {isa = PBXBuildFile; fileRef = 705C13651A78907100DC91FB /* __Tests.m */; };
/* End PBXBuildFile section */

/* Begin PBXContainerItemProxy section */
		705C13601A78907100DC91FB /* PBXContainerItemProxy */ = {
			isa = PBXContainerItemProxy;
			containerPortal = 705C133E1A78907100DC91FB /* Project object */;
			proxyType = 1;
			remoteGlobalIDString = 705C13451A78907100DC91FB;
			remoteInfo = "日历";
		};
/* End PBXContainerItemProxy section */

/* Begin PBXFileReference section */
		705C13461A78907100DC91FB /* 日历.app */ = {isa = PBXFileReference; explicitFileType = wrapper.application; includeInIndex = 0; path = "日历.app"; sourceTree = BUILT_PRODUCTS_DIR; };
		705C134A1A78907100DC91FB /* Info.plist */ = {isa = PBXFileReference; lastKnownFileType = text.plist.xml; path = Info.plist; sourceTree = "<group>"; };
		705C134B1A78907100DC91FB /* main.m */ = {isa = PBXFileReference; lastKnownFileType = sourcecode.c.objc; path = main.m; sourceTree = "<group>"; };
		705C134D1A78907100DC91FB /* AppDelegate.h */ = {isa = PBXFileReference; lastKnownFileType = sourcecode.c.h; path = AppDelegate.h; sourceTree = "<group>"; };
		705C134E1A78907100DC91FB /* AppDelegate.m */ = {isa = PBXFileReference; lastKnownFileType = sourcecode.c.objc; path = AppDelegate.m; sourceTree = "<group>"; };
		705C13501A78907100DC91FB /* ViewController.h */ = {isa = PBXFileReference; lastKnownFileType = sourcecode.c.h; path = ViewController.h; sourceTree = "<group>"; };
		705C13511A78907100DC91FB /* ViewController.m */ = {isa = PBXFileReference; lastKnownFileType = sourcecode.c.objc; path = ViewController.m; sourceTree = "<group>"; };
		705C13541A78907100DC91FB /* Base */ = {isa = PBXFileReference; lastKnownFileType = file.storyboard; name = Base; path = Base.lproj/Main.storyboard; sourceTree = "<group>"; };
		705C13561A78907100DC91FB /* Images.xcassets */ = {isa = PBXFileReference; lastKnownFileType = folder.assetcatalog; path = Images.xcassets; sourceTree = "<group>"; };
		705C13591A78907100DC91FB /* Base */ = {isa = PBXFileReference; lastKnownFileType = file.xib; name = Base; path = Base.lproj/LaunchScreen.xib; sourceTree = "<group>"; };
		705C135F1A78907100DC91FB /* 日历Tests.xctest */ = {isa = PBXFileReference; explicitFileType = wrapper.cfbundle; includeInIndex = 0; path = "日历Tests.xctest"; sourceTree = BUILT_PRODUCTS_DIR; };
		705C13641A78907100DC91FB /* Info.plist */ = {isa = PBXFileReference; lastKnownFileType = text.plist.xml; path = Info.plist; sourceTree = "<group>"; };
		705C13651A78907100DC91FB /* __Tests.m */ = {isa = PBXFileReference; lastKnownFileType = sourcecode.c.objc; path = __Tests.m; sourceTree = "<group>"; };
/* End PBXFileReference section */

/* Begin PBXFrameworksBuildPhase section */
		705C13431A78907100DC91FB /* Frameworks */ = {
			isa = PBXFrameworksBuildPhase;
			buildActionMask = 2147483647;
			files = (
			);
			runOnlyForDeploymentPostprocessing = 0;
		};
		705C135C1A78907100DC91FB /* Frameworks */ = {
			isa = PBXFrameworksBuildPhase;
			buildActionMask = 2147483647;
			files = (
			);
			runOnlyForDeploymentPostprocessing = 0;
		};
/* End PBXFrameworksBuildPhase section */

/* Begin PBXGroup section */
		705C133D1A78907100DC91FB = {
			isa = PBXGroup;
			children = (
				705C13481A78907100DC91FB /* 日历 */,
				705C13621A78907100DC91FB /* 日历Tests */,
				705C13471A78907100DC91FB /* Products */,
			);
			sourceTree = "<group>";
		};
		705C13471A78907100DC91FB /* Products */ = {
			isa = PBXGroup;
			children = (
				705C13461A78907100DC91FB /* 日历.app */,
				705C135F1A78907100DC91FB /* 日历Tests.xctest */,
			);
			name = Products;
			sourceTree = "<group>";
		};
		705C13481A78907100DC91FB /* 日历 */ = {
			isa = PBXGroup;
			children = (
				705C134D1A78907100DC91FB /* AppDelegate.h */,
				705C134E1A78907100DC91FB /* AppDelegate.m */,
				705C13501A78907100DC91FB /* ViewController.h */,
				705C13511A78907100DC91FB /* ViewController.m */,
				705C13531A78907100DC91FB /* Main.storyboard */,
				705C13561A78907100DC91FB /* Images.xcassets */,
				705C13581A78907100DC91FB /* LaunchScreen.xib */,
				705C13491A78907100DC91FB /* Supporting Files */,
			);
			path = "日历";
			sourceTree = "<group>";
		};
		705C13491A78907100DC91FB /* Supporting Files */ = {
			isa = PBXGroup;
			children = (
				705C134A1A78907100DC91FB /* Info.plist */,
				705C134B1A78907100DC91FB /* main.m */,
			);
			name = "Supporting Files";
			sourceTree = "<group>";
		};
		705C13621A78907100DC91FB /* 日历Tests */ = {
			isa = PBXGroup;
			children = (
				705C13651A78907100DC91FB /* __Tests.m */,
				705C13631A78907100DC91FB /* Supporting Files */,
			);
			path = "日历Tests";
			sourceTree = "<group>";
		};
		705C13631A78907100DC91FB /* Supporting Files */ = {
			isa = PBXGroup;
			children = (
				705C13641A78907100DC91FB /* Info.plist */,
			);
			name = "Supporting Files";
			sourceTree = "<group>";
		};
/* End PBXGroup section */

/* Begin PBXNativeTarget section */
		705C13451A78907100DC91FB /* 日历 */ = {
			isa = PBXNativeTarget;
			buildConfigurationList = 705C13691A78907100DC91FB /* Build configuration list for PBXNativeTarget "日历" */;
			buildPhases = (
				705C13421A78907100DC91FB /* Sources */,
				705C13431A78907100DC91FB /* Frameworks */,
				705C13441A78907100DC91FB /* Resources */,
			);
			buildRules = (
			);
			dependencies = (
			);
			name = "日历";
			productName = "日历";
			productReference = 705C13461A78907100DC91FB /* 日历.app */;
			productType = "com.apple.product-type.application";
		};
		705C135E1A78907100DC91FB /* 日历Tests */ = {
			isa = PBXNativeTarget;
			buildConfigurationList = 705C136C1A78907100DC91FB /* Build configuration list for PBXNativeTarget "日历Tests" */;
			buildPhases = (
				705C135B1A78907100DC91FB /* Sources */,
				705C135C1A78907100DC91FB /* Frameworks */,
				705C135D1A78907100DC91FB /* Resources */,
			);
			buildRules = (
			);
			dependencies = (
				705C13611A78907100DC91FB /* PBXTargetDependency */,
			);
			name = "日历Tests";
			productName = "日历Tests";
			productReference = 705C135F1A78907100DC91FB /* 日历Tests.xctest */;
			productType = "com.apple.product-type.bundle.unit-test";
		};
/* End PBXNativeTarget section */

/* Begin PBXProject section */
		705C133E1A78907100DC91FB /* Project object */ = {
			isa = PBXProject;
			attributes = {
				LastUpgradeCheck = 0610;
				ORGANIZATIONNAME = wyzc;
				TargetAttributes = {
					705C13451A78907100DC91FB = {
						CreatedOnToolsVersion = 6.1;
					};
					705C135E1A78907100DC91FB = {
						CreatedOnToolsVersion = 6.1;
						TestTargetID = 705C13451A78907100DC91FB;
					};
				};
			};
			buildConfigurationList = 705C13411A78907100DC91FB /* Build configuration list for PBXProject "日历" */;
			compatibilityVersion = "Xcode 3.2";
			developmentRegion = English;
			hasScannedForEncodings = 0;
			knownRegions = (
				en,
				Base,
			);
			mainGroup = 705C133D1A78907100DC91FB;
			productRefGroup = 705C13471A78907100DC91FB /* Products */;
			projectDirPath = "";
			projectRoot = "";
			targets = (
				705C13451A78907100DC91FB /* 日历 */,
				705C135E1A78907100DC91FB /* 日历Tests */,
			);
		};
/* End PBXProject section */

/* Begin PBXResourcesBuildPhase section */
		705C13441A78907100DC91FB /* Resources */ = {
			isa = PBXResourcesBuildPhase;
			buildActionMask = 2147483647;
			files = (
				705C13551A78907100DC91FB /* Main.storyboard in Resources */,
				705C135A1A78907100DC91FB /* LaunchScreen.xib in Resources */,
				705C13571A78907100DC91FB /* Images.xcassets in Resources */,
			);
			runOnlyForDeploymentPostprocessing = 0;
		};
		705C135D1A78907100DC91FB /* Resources */ = {
			isa = PBXResourcesBuildPhase;
			buildActionMask = 2147483647;
			files = (
			);
			runOnlyForDeploymentPostprocessing = 0;
		};
/* End PBXResourcesBuildPhase section */

/* Begin PBXSourcesBuildPhase section */
		705C13421A78907100DC91FB /* Sources */ = {
			isa = PBXSourcesBuildPhase;
			buildActionMask = 2147483647;
			files = (
				705C13521A78907100DC91FB /* ViewController.m in Sources */,
				705C134F1A78907100DC91FB /* AppDelegate.m in Sources */,
				705C134C1A78907100DC91FB /* main.m in Sources */,
			);
			runOnlyForDeploymentPostprocessing = 0;
		};
		705C135B1A78907100DC91FB /* Sources */ = {
			isa = PBXSourcesBuildPhase;
			buildActionMask = 2147483647;
			files = (
				705C13661A78907100DC91FB /* __Tests.m in Sources */,
			);
			runOnlyForDeploymentPostprocessing = 0;
		};
/* End PBXSourcesBuildPhase section */

/* Begin PBXTargetDependency section */
		705C13611A78907100DC91FB /* PBXTargetDependency */ = {
			isa = PBXTargetDependency;
			target = 705C13451A78907100DC91FB /* 日历 */;
			targetProxy = 705C13601A78907100DC91FB /* PBXContainerItemProxy */;
		};
/* End PBXTargetDependency section */

/* Begin PBXVariantGroup section */
		705C13531A78907100DC91FB /* Main.storyboard */ = {
			isa = PBXVariantGroup;
			children = (
				705C13541A78907100DC91FB /* Base */,
			);
			name = Main.storyboard;
			sourceTree = "<group>";
		};
		705C13581A78907100DC91FB /* LaunchScreen.xib */ = {
			isa = PBXVariantGroup;
			children = (
				705C13591A78907100DC91FB /* Base */,
			);
			name = LaunchScreen.xib;
			sourceTree = "<group>";
		};
/* End PBXVariantGroup section */

/* Begin XCBuildConfiguration section */
		705C13671A78907100DC91FB /* Debug */ = {
			isa = XCBuildConfiguration;
			buildSettings = {
				ALWAYS_SEARCH_USER_PATHS = NO;
				CLANG_CXX_LANGUAGE_STANDARD = "gnu++0x";
				CLANG_CXX_LIBRARY = "libc++";
				CLANG_ENABLE_MODULES = YES;
				CLANG_ENABLE_OBJC_ARC = YES;
				CLANG_WARN_BOOL_CONVERSION = YES;
				CLANG_WARN_CONSTANT_CONVERSION = YES;
				CLANG_WARN_DIRECT_OBJC_ISA_USAGE = YES_ERROR;
				CLANG_WARN_EMPTY_BODY = YES;
				CLANG_WARN_ENUM_CONVERSION = YES;
				CLANG_WARN_INT_CONVERSION = YES;
				CLANG_WARN_OBJC_ROOT_CLASS = YES_ERROR;
				CLANG_WARN_UNREACHABLE_CODE = YES;
				CLANG_WARN__DUPLICATE_METHOD_MATCH = YES;
				"CODE_SIGN_IDENTITY[sdk=iphoneos*]" = "iPhone Developer";
				COPY_PHASE_STRIP = NO;
				ENABLE_STRICT_OBJC_MSGSEND = YES;
				GCC_C_LANGUAGE_STANDARD = gnu99;
				GCC_DYNAMIC_NO_PIC = NO;
				GCC_OPTIMIZATION_LEVEL = 0;
				GCC_PREPROCESSOR_DEFINITIONS = (
					"DEBUG=1",
					"$(inherited)",
				);
				GCC_SYMBOLS_PRIVATE_EXTERN = NO;
				GCC_WARN_64_TO_32_BIT_CONVERSION = YES;
				GCC_WARN_ABOUT_RETURN_TYPE = YES_ERROR;
				GCC_WARN_UNDECLARED_SELECTOR = YES;
				GCC_WARN_UNINITIALIZED_AUTOS = YES_AGGRESSIVE;
				GCC_WARN_UNUSED_FUNCTION = YES;
				GCC_WARN_UNUSED_VARIABLE = YES;
				IPHONEOS_DEPLOYMENT_TARGET = 8.1;
				MTL_ENABLE_DEBUG_INFO = YES;
				ONLY_ACTIVE_ARCH = YES;
				SDKROOT = iphoneos;
			};
			name = Debug;
		};
		705C13681A78907100DC91FB /* Release */ = {
			isa = XCBuildConfiguration;
			buildSettings = {
				ALWAYS_SEARCH_USER_PATHS = NO;
				CLANG_CXX_LANGUAGE_STANDARD = "gnu++0x";
				CLANG_CXX_LIBRARY = "libc++";
				CLANG_ENABLE_MODULES = YES;
				CLANG_ENABLE_OBJC_ARC = YES;
				CLANG_WARN_BOOL_CONVERSION = YES;
				CLANG_WARN_CONSTANT_CONVERSION = YES;
				CLANG_WARN_DIRECT_OBJC_ISA_USAGE = YES_ERROR;
				CLANG_WARN_EMPTY_BODY = YES;
				CLANG_WARN_ENUM_CONVERSION = YES;
				CLANG_WARN_INT_CONVERSION = YES;
				CLANG_WARN_OBJC_ROOT_CLASS = YES_ERROR;
				CLANG_WARN_UNREACHABLE_CODE = YES;
				CLANG_WARN__DUPLICATE_METHOD_MATCH = YES;
				"CODE_SIGN_IDENTITY[sdk=iphoneos*]" = "iPhone Developer";
				COPY_PHASE_STRIP = YES;
				ENABLE_NS_ASSERTIONS = NO;
				ENABLE_STRICT_OBJC_MSGSEND = YES;
				GCC_C_LANGUAGE_STANDARD = gnu99;
				GCC_WARN_64_TO_32_BIT_CONVERSION = YES;
				GCC_WARN_ABOUT_RETURN_TYPE = YES_ERROR;
				GCC_WARN_UNDECLARED_SELECTOR = YES;
				GCC_WARN_UNINITIALIZED_AUTOS = YES_AGGRESSIVE;
				GCC_WARN_UNUSED_FUNCTION = YES;
				GCC_WARN_UNUSED_VARIABLE = YES;
				IPHONEOS_DEPLOYMENT_TARGET = 8.1;
				MTL_ENABLE_DEBUG_INFO = NO;
				SDKROOT = iphoneos;
				VALIDATE_PRODUCT = YES;
			};
			name = Release;
		};
		705C136A1A78907100DC91FB /* Debug */ = {
			isa = XCBuildConfiguration;
			buildSettings = {
				ASSETCATALOG_COMPILER_APPICON_NAME = AppIcon;
				INFOPLIST_FILE = "日历/Info.plist";
				LD_RUNPATH_SEARCH_PATHS = "$(inherited) @executable_path/Frameworks";
				PRODUCT_NAME = "$(TARGET_NAME)";
			};
			name = Debug;
		};
		705C136B1A78907100DC91FB /* Release */ = {
			isa = XCBuildConfiguration;
			buildSettings = {
				ASSETCATALOG_COMPILER_APPICON_NAME = AppIcon;
				INFOPLIST_FILE = "日历/Info.plist";
				LD_RUNPATH_SEARCH_PATHS = "$(inherited) @executable_path/Frameworks";
				PRODUCT_NAME = "$(TARGET_NAME)";
			};
			name = Release;
		};
		705C136D1A78907100DC91FB /* Debug */ = {
			isa = XCBuildConfiguration;
			buildSettings = {
				BUNDLE_LOADER = "$(TEST_HOST)";
				FRAMEWORK_SEARCH_PATHS = (
					"$(SDKROOT)/Developer/Library/Frameworks",
					"$(inherited)",
				);
				GCC_PREPROCESSOR_DEFINITIONS = (
					"DEBUG=1",
					"$(inherited)",
				);
				INFOPLIST_FILE = "日历Tests/Info.plist";
				LD_RUNPATH_SEARCH_PATHS = "$(inherited) @executable_path/Frameworks @loader_path/Frameworks";
				PRODUCT_NAME = "$(TARGET_NAME)";
				TEST_HOST = "$(BUILT_PRODUCTS_DIR)/日历.app/日历";
			};
			name = Debug;
		};
		705C136E1A78907100DC91FB /* Release */ = {
			isa = XCBuildConfiguration;
			buildSettings = {
				BUNDLE_LOADER = "$(TEST_HOST)";
				FRAMEWORK_SEARCH_PATHS = (
					"$(SDKROOT)/Developer/Library/Frameworks",
					"$(inherited)",
				);
				INFOPLIST_FILE = "日历Tests/Info.plist";
				LD_RUNPATH_SEARCH_PATHS = "$(inherited) @executable_path/Frameworks @loader_path/Frameworks";
				PRODUCT_NAME = "$(TARGET_NAME)";
				TEST_HOST = "$(BUILT_PRODUCTS_DIR)/日历.app/日历";
			};
			name = Release;
		};
/* End XCBuildConfiguration section */

/* Begin XCConfigurationList section */
		705C13411A78907100DC91FB /* Build configuration list for PBXProject "日历" */ = {
			isa = XCConfigurationList;
			buildConfigurations = (
				705C13671A78907100DC91FB /* Debug */,
				705C13681A78907100DC91FB /* Release */,
			);
			defaultConfigurationIsVisible = 0;
			defaultConfigurationName = Release;
		};
		705C13691A78907100DC91FB /* Build configuration list for PBXNativeTarget "日历" */ = {
			isa = XCConfigurationList;
			buildConfigurations = (
				705C136A1A78907100DC91FB /* Debug */,
				705C136B1A78907100DC91FB /* Release */,
			);
			defaultConfigurationIsVisible = 0;
		};
		705C136C1A78907100DC91FB /* Build configuration list for PBXNativeTarget "日历Tests" */ = {
			isa = XCConfigurationList;
			buildConfigurations = (
				705C136D1A78907100DC91FB /* Debug */,
				705C136E1A78907100DC91FB /* Release */,
			);
			defaultConfigurationIsVisible = 0;
		};
/* End XCConfigurationList section */
	};
	rootObject = 705C133E1A78907100DC91FB /* Project object */;
}
