// !$*UTF8*$!
{
	archiveVersion = 1;
	classes = {
	};
	objectVersion = 46;
	objects = {

/* Begin PBXBuildFile section */
		3CA9C0811A870DA5009D53C3 /* main.m in Sources */ = {isa = PBXBuildFile; fileRef = 3CA9C0801A870DA5009D53C3 /* main.m */; };
		3CA9C0841A870DA5009D53C3 /* AppDelegate.m in Sources */ = {isa = PBXBuildFile; fileRef = 3CA9C0831A870DA5009D53C3 /* AppDelegate.m */; };
		3CA9C0871A870DA5009D53C3 /* ViewController.m in Sources */ = {isa = PBXBuildFile; fileRef = 3CA9C0861A870DA5009D53C3 /* ViewController.m */; };
		3CA9C08A1A870DA5009D53C3 /* Main.storyboard in Resources */ = {isa = PBXBuildFile; fileRef = 3CA9C0881A870DA5009D53C3 /* Main.storyboard */; };
		3CA9C08C1A870DA5009D53C3 /* Images.xcassets in Resources */ = {isa = PBXBuildFile; fileRef = 3CA9C08B1A870DA5009D53C3 /* Images.xcassets */; };
		3CA9C08F1A870DA5009D53C3 /* LaunchScreen.xib in Resources */ = {isa = PBXBuildFile; fileRef = 3CA9C08D1A870DA5009D53C3 /* LaunchScreen.xib */; };
		3CA9C09B1A870DA6009D53C3 /* __Tests.m in Sources */ = {isa = PBXBuildFile; fileRef = 3CA9C09A1A870DA6009D53C3 /* __Tests.m */; };
/* End PBXBuildFile section */

/* Begin PBXContainerItemProxy section */
		3CA9C0951A870DA6009D53C3 /* PBXContainerItemProxy */ = {
			isa = PBXContainerItemProxy;
			containerPortal = 3CA9C0731A870DA5009D53C3 /* Project object */;
			proxyType = 1;
			remoteGlobalIDString = 3CA9C07A1A870DA5009D53C3;
			remoteInfo = "动画";
		};
/* End PBXContainerItemProxy section */

/* Begin PBXFileReference section */
		3CA9C07B1A870DA5009D53C3 /* 动画.app */ = {isa = PBXFileReference; explicitFileType = wrapper.application; includeInIndex = 0; path = "动画.app"; sourceTree = BUILT_PRODUCTS_DIR; };
		3CA9C07F1A870DA5009D53C3 /* Info.plist */ = {isa = PBXFileReference; lastKnownFileType = text.plist.xml; path = Info.plist; sourceTree = "<group>"; };
		3CA9C0801A870DA5009D53C3 /* main.m */ = {isa = PBXFileReference; lastKnownFileType = sourcecode.c.objc; path = main.m; sourceTree = "<group>"; };
		3CA9C0821A870DA5009D53C3 /* AppDelegate.h */ = {isa = PBXFileReference; lastKnownFileType = sourcecode.c.h; path = AppDelegate.h; sourceTree = "<group>"; };
		3CA9C0831A870DA5009D53C3 /* AppDelegate.m */ = {isa = PBXFileReference; lastKnownFileType = sourcecode.c.objc; path = AppDelegate.m; sourceTree = "<group>"; };
		3CA9C0851A870DA5009D53C3 /* ViewController.h */ = {isa = PBXFileReference; lastKnownFileType = sourcecode.c.h; path = ViewController.h; sourceTree = "<group>"; };
		3CA9C0861A870DA5009D53C3 /* ViewController.m */ = {isa = PBXFileReference; lastKnownFileType = sourcecode.c.objc; path = ViewController.m; sourceTree = "<group>"; };
		3CA9C0891A870DA5009D53C3 /* Base */ = {isa = PBXFileReference; lastKnownFileType = file.storyboard; name = Base; path = Base.lproj/Main.storyboard; sourceTree = "<group>"; };
		3CA9C08B1A870DA5009D53C3 /* Images.xcassets */ = {isa = PBXFileReference; lastKnownFileType = folder.assetcatalog; path = Images.xcassets; sourceTree = "<group>"; };
		3CA9C08E1A870DA5009D53C3 /* Base */ = {isa = PBXFileReference; lastKnownFileType = file.xib; name = Base; path = Base.lproj/LaunchScreen.xib; sourceTree = "<group>"; };
		3CA9C0941A870DA6009D53C3 /* 动画Tests.xctest */ = {isa = PBXFileReference; explicitFileType = wrapper.cfbundle; includeInIndex = 0; path = "动画Tests.xctest"; sourceTree = BUILT_PRODUCTS_DIR; };
		3CA9C0991A870DA6009D53C3 /* Info.plist */ = {isa = PBXFileReference; lastKnownFileType = text.plist.xml; path = Info.plist; sourceTree = "<group>"; };
		3CA9C09A1A870DA6009D53C3 /* __Tests.m */ = {isa = PBXFileReference; lastKnownFileType = sourcecode.c.objc; path = __Tests.m; sourceTree = "<group>"; };
/* End PBXFileReference section */

/* Begin PBXFrameworksBuildPhase section */
		3CA9C0781A870DA5009D53C3 /* Frameworks */ = {
			isa = PBXFrameworksBuildPhase;
			buildActionMask = 2147483647;
			files = (
			);
			runOnlyForDeploymentPostprocessing = 0;
		};
		3CA9C0911A870DA6009D53C3 /* Frameworks */ = {
			isa = PBXFrameworksBuildPhase;
			buildActionMask = 2147483647;
			files = (
			);
			runOnlyForDeploymentPostprocessing = 0;
		};
/* End PBXFrameworksBuildPhase section */

/* Begin PBXGroup section */
		3CA9C0721A870DA5009D53C3 = {
			isa = PBXGroup;
			children = (
				3CA9C07D1A870DA5009D53C3 /* 动画 */,
				3CA9C0971A870DA6009D53C3 /* 动画Tests */,
				3CA9C07C1A870DA5009D53C3 /* Products */,
			);
			sourceTree = "<group>";
		};
		3CA9C07C1A870DA5009D53C3 /* Products */ = {
			isa = PBXGroup;
			children = (
				3CA9C07B1A870DA5009D53C3 /* 动画.app */,
				3CA9C0941A870DA6009D53C3 /* 动画Tests.xctest */,
			);
			name = Products;
			sourceTree = "<group>";
		};
		3CA9C07D1A870DA5009D53C3 /* 动画 */ = {
			isa = PBXGroup;
			children = (
				3CA9C0821A870DA5009D53C3 /* AppDelegate.h */,
				3CA9C0831A870DA5009D53C3 /* AppDelegate.m */,
				3CA9C0851A870DA5009D53C3 /* ViewController.h */,
				3CA9C0861A870DA5009D53C3 /* ViewController.m */,
				3CA9C0881A870DA5009D53C3 /* Main.storyboard */,
				3CA9C08B1A870DA5009D53C3 /* Images.xcassets */,
				3CA9C08D1A870DA5009D53C3 /* LaunchScreen.xib */,
				3CA9C07E1A870DA5009D53C3 /* Supporting Files */,
			);
			path = "动画";
			sourceTree = "<group>";
		};
		3CA9C07E1A870DA5009D53C3 /* Supporting Files */ = {
			isa = PBXGroup;
			children = (
				3CA9C07F1A870DA5009D53C3 /* Info.plist */,
				3CA9C0801A870DA5009D53C3 /* main.m */,
			);
			name = "Supporting Files";
			sourceTree = "<group>";
		};
		3CA9C0971A870DA6009D53C3 /* 动画Tests */ = {
			isa = PBXGroup;
			children = (
				3CA9C09A1A870DA6009D53C3 /* __Tests.m */,
				3CA9C0981A870DA6009D53C3 /* Supporting Files */,
			);
			path = "动画Tests";
			sourceTree = "<group>";
		};
		3CA9C0981A870DA6009D53C3 /* Supporting Files */ = {
			isa = PBXGroup;
			children = (
				3CA9C0991A870DA6009D53C3 /* Info.plist */,
			);
			name = "Supporting Files";
			sourceTree = "<group>";
		};
/* End PBXGroup section */

/* Begin PBXNativeTarget section */
		3CA9C07A1A870DA5009D53C3 /* 动画 */ = {
			isa = PBXNativeTarget;
			buildConfigurationList = 3CA9C09E1A870DA6009D53C3 /* Build configuration list for PBXNativeTarget "动画" */;
			buildPhases = (
				3CA9C0771A870DA5009D53C3 /* Sources */,
				3CA9C0781A870DA5009D53C3 /* Frameworks */,
				3CA9C0791A870DA5009D53C3 /* Resources */,
			);
			buildRules = (
			);
			dependencies = (
			);
			name = "动画";
			productName = "动画";
			productReference = 3CA9C07B1A870DA5009D53C3 /* 动画.app */;
			productType = "com.apple.product-type.application";
		};
		3CA9C0931A870DA6009D53C3 /* 动画Tests */ = {
			isa = PBXNativeTarget;
			buildConfigurationList = 3CA9C0A11A870DA6009D53C3 /* Build configuration list for PBXNativeTarget "动画Tests" */;
			buildPhases = (
				3CA9C0901A870DA6009D53C3 /* Sources */,
				3CA9C0911A870DA6009D53C3 /* Frameworks */,
				3CA9C0921A870DA6009D53C3 /* Resources */,
			);
			buildRules = (
			);
			dependencies = (
				3CA9C0961A870DA6009D53C3 /* PBXTargetDependency */,
			);
			name = "动画Tests";
			productName = "动画Tests";
			productReference = 3CA9C0941A870DA6009D53C3 /* 动画Tests.xctest */;
			productType = "com.apple.product-type.bundle.unit-test";
		};
/* End PBXNativeTarget section */

/* Begin PBXProject section */
		3CA9C0731A870DA5009D53C3 /* Project object */ = {
			isa = PBXProject;
			attributes = {
				LastUpgradeCheck = 0610;
				ORGANIZATIONNAME = wyzc;
				TargetAttributes = {
					3CA9C07A1A870DA5009D53C3 = {
						CreatedOnToolsVersion = 6.1;
					};
					3CA9C0931A870DA6009D53C3 = {
						CreatedOnToolsVersion = 6.1;
						TestTargetID = 3CA9C07A1A870DA5009D53C3;
					};
				};
			};
			buildConfigurationList = 3CA9C0761A870DA5009D53C3 /* Build configuration list for PBXProject "动画" */;
			compatibilityVersion = "Xcode 3.2";
			developmentRegion = English;
			hasScannedForEncodings = 0;
			knownRegions = (
				en,
				Base,
			);
			mainGroup = 3CA9C0721A870DA5009D53C3;
			productRefGroup = 3CA9C07C1A870DA5009D53C3 /* Products */;
			projectDirPath = "";
			projectRoot = "";
			targets = (
				3CA9C07A1A870DA5009D53C3 /* 动画 */,
				3CA9C0931A870DA6009D53C3 /* 动画Tests */,
			);
		};
/* End PBXProject section */

/* Begin PBXResourcesBuildPhase section */
		3CA9C0791A870DA5009D53C3 /* Resources */ = {
			isa = PBXResourcesBuildPhase;
			buildActionMask = 2147483647;
			files = (
				3CA9C08A1A870DA5009D53C3 /* Main.storyboard in Resources */,
				3CA9C08F1A870DA5009D53C3 /* LaunchScreen.xib in Resources */,
				3CA9C08C1A870DA5009D53C3 /* Images.xcassets in Resources */,
			);
			runOnlyForDeploymentPostprocessing = 0;
		};
		3CA9C0921A870DA6009D53C3 /* Resources */ = {
			isa = PBXResourcesBuildPhase;
			buildActionMask = 2147483647;
			files = (
			);
			runOnlyForDeploymentPostprocessing = 0;
		};
/* End PBXResourcesBuildPhase section */

/* Begin PBXSourcesBuildPhase section */
		3CA9C0771A870DA5009D53C3 /* Sources */ = {
			isa = PBXSourcesBuildPhase;
			buildActionMask = 2147483647;
			files = (
				3CA9C0871A870DA5009D53C3 /* ViewController.m in Sources */,
				3CA9C0841A870DA5009D53C3 /* AppDelegate.m in Sources */,
				3CA9C0811A870DA5009D53C3 /* main.m in Sources */,
			);
			runOnlyForDeploymentPostprocessing = 0;
		};
		3CA9C0901A870DA6009D53C3 /* Sources */ = {
			isa = PBXSourcesBuildPhase;
			buildActionMask = 2147483647;
			files = (
				3CA9C09B1A870DA6009D53C3 /* __Tests.m in Sources */,
			);
			runOnlyForDeploymentPostprocessing = 0;
		};
/* End PBXSourcesBuildPhase section */

/* Begin PBXTargetDependency section */
		3CA9C0961A870DA6009D53C3 /* PBXTargetDependency */ = {
			isa = PBXTargetDependency;
			target = 3CA9C07A1A870DA5009D53C3 /* 动画 */;
			targetProxy = 3CA9C0951A870DA6009D53C3 /* PBXContainerItemProxy */;
		};
/* End PBXTargetDependency section */

/* Begin PBXVariantGroup section */
		3CA9C0881A870DA5009D53C3 /* Main.storyboard */ = {
			isa = PBXVariantGroup;
			children = (
				3CA9C0891A870DA5009D53C3 /* Base */,
			);
			name = Main.storyboard;
			sourceTree = "<group>";
		};
		3CA9C08D1A870DA5009D53C3 /* LaunchScreen.xib */ = {
			isa = PBXVariantGroup;
			children = (
				3CA9C08E1A870DA5009D53C3 /* Base */,
			);
			name = LaunchScreen.xib;
			sourceTree = "<group>";
		};
/* End PBXVariantGroup section */

/* Begin XCBuildConfiguration section */
		3CA9C09C1A870DA6009D53C3 /* Debug */ = {
			isa = XCBuildConfiguration;
			buildSettings = {
				ALWAYS_SEARCH_USER_PATHS = NO;
				CLANG_CXX_LANGUAGE_STANDARD = "gnu++0x";
				CLANG_CXX_LIBRARY = "libc++";
				CLANG_ENABLE_MODULES = YES;
				CLANG_ENABLE_OBJC_ARC = YES;
				CLANG_WARN_BOOL_CONVERSION = YES;
				CLANG_WARN_CONSTANT_CONVERSION = YES;
				CLANG_WARN_DIRECT_OBJC_ISA_USAGE = YES_ERROR;
				CLANG_WARN_EMPTY_BODY = YES;
				CLANG_WARN_ENUM_CONVERSION = YES;
				CLANG_WARN_INT_CONVERSION = YES;
				CLANG_WARN_OBJC_ROOT_CLASS = YES_ERROR;
				CLANG_WARN_UNREACHABLE_CODE = YES;
				CLANG_WARN__DUPLICATE_METHOD_MATCH = YES;
				"CODE_SIGN_IDENTITY[sdk=iphoneos*]" = "iPhone Developer";
				COPY_PHASE_STRIP = NO;
				ENABLE_STRICT_OBJC_MSGSEND = YES;
				GCC_C_LANGUAGE_STANDARD = gnu99;
				GCC_DYNAMIC_NO_PIC = NO;
				GCC_OPTIMIZATION_LEVEL = 0;
				GCC_PREPROCESSOR_DEFINITIONS = (
					"DEBUG=1",
					"$(inherited)",
				);
				GCC_SYMBOLS_PRIVATE_EXTERN = NO;
				GCC_WARN_64_TO_32_BIT_CONVERSION = YES;
				GCC_WARN_ABOUT_RETURN_TYPE = YES_ERROR;
				GCC_WARN_UNDECLARED_SELECTOR = YES;
				GCC_WARN_UNINITIALIZED_AUTOS = YES_AGGRESSIVE;
				GCC_WARN_UNUSED_FUNCTION = YES;
				GCC_WARN_UNUSED_VARIABLE = YES;
				IPHONEOS_DEPLOYMENT_TARGET = 8.1;
				MTL_ENABLE_DEBUG_INFO = YES;
				ONLY_ACTIVE_ARCH = YES;
				SDKROOT = iphoneos;
			};
			name = Debug;
		};
		3CA9C09D1A870DA6009D53C3 /* Release */ = {
			isa = XCBuildConfiguration;
			buildSettings = {
				ALWAYS_SEARCH_USER_PATHS = NO;
				CLANG_CXX_LANGUAGE_STANDARD = "gnu++0x";
				CLANG_CXX_LIBRARY = "libc++";
				CLANG_ENABLE_MODULES = YES;
				CLANG_ENABLE_OBJC_ARC = YES;
				CLANG_WARN_BOOL_CONVERSION = YES;
				CLANG_WARN_CONSTANT_CONVERSION = YES;
				CLANG_WARN_DIRECT_OBJC_ISA_USAGE = YES_ERROR;
				CLANG_WARN_EMPTY_BODY = YES;
				CLANG_WARN_ENUM_CONVERSION = YES;
				CLANG_WARN_INT_CONVERSION = YES;
				CLANG_WARN_OBJC_ROOT_CLASS = YES_ERROR;
				CLANG_WARN_UNREACHABLE_CODE = YES;
				CLANG_WARN__DUPLICATE_METHOD_MATCH = YES;
				"CODE_SIGN_IDENTITY[sdk=iphoneos*]" = "iPhone Developer";
				COPY_PHASE_STRIP = YES;
				ENABLE_NS_ASSERTIONS = NO;
				ENABLE_STRICT_OBJC_MSGSEND = YES;
				GCC_C_LANGUAGE_STANDARD = gnu99;
				GCC_WARN_64_TO_32_BIT_CONVERSION = YES;
				GCC_WARN_ABOUT_RETURN_TYPE = YES_ERROR;
				GCC_WARN_UNDECLARED_SELECTOR = YES;
				GCC_WARN_UNINITIALIZED_AUTOS = YES_AGGRESSIVE;
				GCC_WARN_UNUSED_FUNCTION = YES;
				GCC_WARN_UNUSED_VARIABLE = YES;
				IPHONEOS_DEPLOYMENT_TARGET = 8.1;
				MTL_ENABLE_DEBUG_INFO = NO;
				SDKROOT = iphoneos;
				VALIDATE_PRODUCT = YES;
			};
			name = Release;
		};
		3CA9C09F1A870DA6009D53C3 /* Debug */ = {
			isa = XCBuildConfiguration;
			buildSettings = {
				ASSETCATALOG_COMPILER_APPICON_NAME = AppIcon;
				INFOPLIST_FILE = "动画/Info.plist";
				IPHONEOS_DEPLOYMENT_TARGET = 6.1;
				LD_RUNPATH_SEARCH_PATHS = "$(inherited) @executable_path/Frameworks";
				PRODUCT_NAME = "动画";
			};
			name = Debug;
		};
		3CA9C0A01A870DA6009D53C3 /* Release */ = {
			isa = XCBuildConfiguration;
			buildSettings = {
				ASSETCATALOG_COMPILER_APPICON_NAME = AppIcon;
				INFOPLIST_FILE = "动画/Info.plist";
				IPHONEOS_DEPLOYMENT_TARGET = 6.1;
				LD_RUNPATH_SEARCH_PATHS = "$(inherited) @executable_path/Frameworks";
				PRODUCT_NAME = "动画";
			};
			name = Release;
		};
		3CA9C0A21A870DA6009D53C3 /* Debug */ = {
			isa = XCBuildConfiguration;
			buildSettings = {
				BUNDLE_LOADER = "$(TEST_HOST)";
				FRAMEWORK_SEARCH_PATHS = (
					"$(SDKROOT)/Developer/Library/Frameworks",
					"$(inherited)",
				);
				GCC_PREPROCESSOR_DEFINITIONS = (
					"DEBUG=1",
					"$(inherited)",
				);
				INFOPLIST_FILE = "动画Tests/Info.plist";
				LD_RUNPATH_SEARCH_PATHS = "$(inherited) @executable_path/Frameworks @loader_path/Frameworks";
				PRODUCT_NAME = "$(TARGET_NAME)";
				TEST_HOST = "$(BUILT_PRODUCTS_DIR)/动画.app/动画";
			};
			name = Debug;
		};
		3CA9C0A31A870DA6009D53C3 /* Release */ = {
			isa = XCBuildConfiguration;
			buildSettings = {
				BUNDLE_LOADER = "$(TEST_HOST)";
				FRAMEWORK_SEARCH_PATHS = (
					"$(SDKROOT)/Developer/Library/Frameworks",
					"$(inherited)",
				);
				INFOPLIST_FILE = "动画Tests/Info.plist";
				LD_RUNPATH_SEARCH_PATHS = "$(inherited) @executable_path/Frameworks @loader_path/Frameworks";
				PRODUCT_NAME = "$(TARGET_NAME)";
				TEST_HOST = "$(BUILT_PRODUCTS_DIR)/动画.app/动画";
			};
			name = Release;
		};
/* End XCBuildConfiguration section */

/* Begin XCConfigurationList section */
		3CA9C0761A870DA5009D53C3 /* Build configuration list for PBXProject "动画" */ = {
			isa = XCConfigurationList;
			buildConfigurations = (
				3CA9C09C1A870DA6009D53C3 /* Debug */,
				3CA9C09D1A870DA6009D53C3 /* Release */,
			);
			defaultConfigurationIsVisible = 0;
			defaultConfigurationName = Release;
		};
		3CA9C09E1A870DA6009D53C3 /* Build configuration list for PBXNativeTarget "动画" */ = {
			isa = XCConfigurationList;
			buildConfigurations = (
				3CA9C09F1A870DA6009D53C3 /* Debug */,
				3CA9C0A01A870DA6009D53C3 /* Release */,
			);
			defaultConfigurationIsVisible = 0;
			defaultConfigurationName = Release;
		};
		3CA9C0A11A870DA6009D53C3 /* Build configuration list for PBXNativeTarget "动画Tests" */ = {
			isa = XCConfigurationList;
			buildConfigurations = (
				3CA9C0A21A870DA6009D53C3 /* Debug */,
				3CA9C0A31A870DA6009D53C3 /* Release */,
			);
			defaultConfigurationIsVisible = 0;
			defaultConfigurationName = Release;
		};
/* End XCConfigurationList section */
	};
	rootObject = 3CA9C0731A870DA5009D53C3 /* Project object */;
}
