// !$*UTF8*$!
{
	archiveVersion = 1;
	classes = {
	};
	objectVersion = 46;
	objects = {

/* Begin PBXBuildFile section */
		3CACF0281A8DF9B600253099 /* main.m in Sources */ = {isa = PBXBuildFile; fileRef = 3CACF0271A8DF9B600253099 /* main.m */; };
		3CACF02B1A8DF9B600253099 /* AppDelegate.m in Sources */ = {isa = PBXBuildFile; fileRef = 3CACF02A1A8DF9B600253099 /* AppDelegate.m */; };
		3CACF0311A8DF9B600253099 /* Main.storyboard in Resources */ = {isa = PBXBuildFile; fileRef = 3CACF02F1A8DF9B600253099 /* Main.storyboard */; };
		3CACF0331A8DF9B600253099 /* Images.xcassets in Resources */ = {isa = PBXBuildFile; fileRef = 3CACF0321A8DF9B600253099 /* Images.xcassets */; };
		3CACF0361A8DF9B600253099 /* LaunchScreen.xib in Resources */ = {isa = PBXBuildFile; fileRef = 3CACF0341A8DF9B600253099 /* LaunchScreen.xib */; };
		3CACF0421A8DF9B600253099 /* tableview__Tests.m in Sources */ = {isa = PBXBuildFile; fileRef = 3CACF0411A8DF9B600253099 /* tableview__Tests.m */; };
		3CACF04D1A8DFB2700253099 /* MainTableViewController.m in Sources */ = {isa = PBXBuildFile; fileRef = 3CACF04C1A8DFB2700253099 /* MainTableViewController.m */; };
/* End PBXBuildFile section */

/* Begin PBXContainerItemProxy section */
		3CACF03C1A8DF9B600253099 /* PBXContainerItemProxy */ = {
			isa = PBXContainerItemProxy;
			containerPortal = 3CACF01A1A8DF9B600253099 /* Project object */;
			proxyType = 1;
			remoteGlobalIDString = 3CACF0211A8DF9B600253099;
			remoteInfo = "tableview练习";
		};
/* End PBXContainerItemProxy section */

/* Begin PBXFileReference section */
		3CACF0221A8DF9B600253099 /* tableview练习.app */ = {isa = PBXFileReference; explicitFileType = wrapper.application; includeInIndex = 0; path = "tableview练习.app"; sourceTree = BUILT_PRODUCTS_DIR; };
		3CACF0261A8DF9B600253099 /* Info.plist */ = {isa = PBXFileReference; lastKnownFileType = text.plist.xml; path = Info.plist; sourceTree = "<group>"; };
		3CACF0271A8DF9B600253099 /* main.m */ = {isa = PBXFileReference; lastKnownFileType = sourcecode.c.objc; path = main.m; sourceTree = "<group>"; };
		3CACF0291A8DF9B600253099 /* AppDelegate.h */ = {isa = PBXFileReference; lastKnownFileType = sourcecode.c.h; path = AppDelegate.h; sourceTree = "<group>"; };
		3CACF02A1A8DF9B600253099 /* AppDelegate.m */ = {isa = PBXFileReference; lastKnownFileType = sourcecode.c.objc; path = AppDelegate.m; sourceTree = "<group>"; };
		3CACF0301A8DF9B600253099 /* Base */ = {isa = PBXFileReference; lastKnownFileType = file.storyboard; name = Base; path = Base.lproj/Main.storyboard; sourceTree = "<group>"; };
		3CACF0321A8DF9B600253099 /* Images.xcassets */ = {isa = PBXFileReference; lastKnownFileType = folder.assetcatalog; path = Images.xcassets; sourceTree = "<group>"; };
		3CACF0351A8DF9B600253099 /* Base */ = {isa = PBXFileReference; lastKnownFileType = file.xib; name = Base; path = Base.lproj/LaunchScreen.xib; sourceTree = "<group>"; };
		3CACF03B1A8DF9B600253099 /* tableview练习Tests.xctest */ = {isa = PBXFileReference; explicitFileType = wrapper.cfbundle; includeInIndex = 0; path = "tableview练习Tests.xctest"; sourceTree = BUILT_PRODUCTS_DIR; };
		3CACF0401A8DF9B600253099 /* Info.plist */ = {isa = PBXFileReference; lastKnownFileType = text.plist.xml; path = Info.plist; sourceTree = "<group>"; };
		3CACF0411A8DF9B600253099 /* tableview__Tests.m */ = {isa = PBXFileReference; lastKnownFileType = sourcecode.c.objc; path = tableview__Tests.m; sourceTree = "<group>"; };
		3CACF04B1A8DFB2700253099 /* MainTableViewController.h */ = {isa = PBXFileReference; fileEncoding = 4; lastKnownFileType = sourcecode.c.h; path = MainTableViewController.h; sourceTree = "<group>"; };
		3CACF04C1A8DFB2700253099 /* MainTableViewController.m */ = {isa = PBXFileReference; fileEncoding = 4; lastKnownFileType = sourcecode.c.objc; path = MainTableViewController.m; sourceTree = "<group>"; };
/* End PBXFileReference section */

/* Begin PBXFrameworksBuildPhase section */
		3CACF01F1A8DF9B600253099 /* Frameworks */ = {
			isa = PBXFrameworksBuildPhase;
			buildActionMask = 2147483647;
			files = (
			);
			runOnlyForDeploymentPostprocessing = 0;
		};
		3CACF0381A8DF9B600253099 /* Frameworks */ = {
			isa = PBXFrameworksBuildPhase;
			buildActionMask = 2147483647;
			files = (
			);
			runOnlyForDeploymentPostprocessing = 0;
		};
/* End PBXFrameworksBuildPhase section */

/* Begin PBXGroup section */
		3CACF0191A8DF9B600253099 = {
			isa = PBXGroup;
			children = (
				3CACF0241A8DF9B600253099 /* tableview练习 */,
				3CACF03E1A8DF9B600253099 /* tableview练习Tests */,
				3CACF0231A8DF9B600253099 /* Products */,
			);
			sourceTree = "<group>";
		};
		3CACF0231A8DF9B600253099 /* Products */ = {
			isa = PBXGroup;
			children = (
				3CACF0221A8DF9B600253099 /* tableview练习.app */,
				3CACF03B1A8DF9B600253099 /* tableview练习Tests.xctest */,
			);
			name = Products;
			sourceTree = "<group>";
		};
		3CACF0241A8DF9B600253099 /* tableview练习 */ = {
			isa = PBXGroup;
			children = (
				3CACF0291A8DF9B600253099 /* AppDelegate.h */,
				3CACF02A1A8DF9B600253099 /* AppDelegate.m */,
				3CACF02F1A8DF9B600253099 /* Main.storyboard */,
				3CACF0321A8DF9B600253099 /* Images.xcassets */,
				3CACF0341A8DF9B600253099 /* LaunchScreen.xib */,
				3CACF0251A8DF9B600253099 /* Supporting Files */,
				3CACF04B1A8DFB2700253099 /* MainTableViewController.h */,
				3CACF04C1A8DFB2700253099 /* MainTableViewController.m */,
			);
			path = "tableview练习";
			sourceTree = "<group>";
		};
		3CACF0251A8DF9B600253099 /* Supporting Files */ = {
			isa = PBXGroup;
			children = (
				3CACF0261A8DF9B600253099 /* Info.plist */,
				3CACF0271A8DF9B600253099 /* main.m */,
			);
			name = "Supporting Files";
			sourceTree = "<group>";
		};
		3CACF03E1A8DF9B600253099 /* tableview练习Tests */ = {
			isa = PBXGroup;
			children = (
				3CACF0411A8DF9B600253099 /* tableview__Tests.m */,
				3CACF03F1A8DF9B600253099 /* Supporting Files */,
			);
			path = "tableview练习Tests";
			sourceTree = "<group>";
		};
		3CACF03F1A8DF9B600253099 /* Supporting Files */ = {
			isa = PBXGroup;
			children = (
				3CACF0401A8DF9B600253099 /* Info.plist */,
			);
			name = "Supporting Files";
			sourceTree = "<group>";
		};
/* End PBXGroup section */

/* Begin PBXNativeTarget section */
		3CACF0211A8DF9B600253099 /* tableview练习 */ = {
			isa = PBXNativeTarget;
			buildConfigurationList = 3CACF0451A8DF9B600253099 /* Build configuration list for PBXNativeTarget "tableview练习" */;
			buildPhases = (
				3CACF01E1A8DF9B600253099 /* Sources */,
				3CACF01F1A8DF9B600253099 /* Frameworks */,
				3CACF0201A8DF9B600253099 /* Resources */,
			);
			buildRules = (
			);
			dependencies = (
			);
			name = "tableview练习";
			productName = "tableview练习";
			productReference = 3CACF0221A8DF9B600253099 /* tableview练习.app */;
			productType = "com.apple.product-type.application";
		};
		3CACF03A1A8DF9B600253099 /* tableview练习Tests */ = {
			isa = PBXNativeTarget;
			buildConfigurationList = 3CACF0481A8DF9B600253099 /* Build configuration list for PBXNativeTarget "tableview练习Tests" */;
			buildPhases = (
				3CACF0371A8DF9B600253099 /* Sources */,
				3CACF0381A8DF9B600253099 /* Frameworks */,
				3CACF0391A8DF9B600253099 /* Resources */,
			);
			buildRules = (
			);
			dependencies = (
				3CACF03D1A8DF9B600253099 /* PBXTargetDependency */,
			);
			name = "tableview练习Tests";
			productName = "tableview练习Tests";
			productReference = 3CACF03B1A8DF9B600253099 /* tableview练习Tests.xctest */;
			productType = "com.apple.product-type.bundle.unit-test";
		};
/* End PBXNativeTarget section */

/* Begin PBXProject section */
		3CACF01A1A8DF9B600253099 /* Project object */ = {
			isa = PBXProject;
			attributes = {
				LastUpgradeCheck = 0610;
				ORGANIZATIONNAME = wyzc;
				TargetAttributes = {
					3CACF0211A8DF9B600253099 = {
						CreatedOnToolsVersion = 6.1;
					};
					3CACF03A1A8DF9B600253099 = {
						CreatedOnToolsVersion = 6.1;
						TestTargetID = 3CACF0211A8DF9B600253099;
					};
				};
			};
			buildConfigurationList = 3CACF01D1A8DF9B600253099 /* Build configuration list for PBXProject "tableview练习" */;
			compatibilityVersion = "Xcode 3.2";
			developmentRegion = English;
			hasScannedForEncodings = 0;
			knownRegions = (
				en,
				Base,
			);
			mainGroup = 3CACF0191A8DF9B600253099;
			productRefGroup = 3CACF0231A8DF9B600253099 /* Products */;
			projectDirPath = "";
			projectRoot = "";
			targets = (
				3CACF0211A8DF9B600253099 /* tableview练习 */,
				3CACF03A1A8DF9B600253099 /* tableview练习Tests */,
			);
		};
/* End PBXProject section */

/* Begin PBXResourcesBuildPhase section */
		3CACF0201A8DF9B600253099 /* Resources */ = {
			isa = PBXResourcesBuildPhase;
			buildActionMask = 2147483647;
			files = (
				3CACF0311A8DF9B600253099 /* Main.storyboard in Resources */,
				3CACF0361A8DF9B600253099 /* LaunchScreen.xib in Resources */,
				3CACF0331A8DF9B600253099 /* Images.xcassets in Resources */,
			);
			runOnlyForDeploymentPostprocessing = 0;
		};
		3CACF0391A8DF9B600253099 /* Resources */ = {
			isa = PBXResourcesBuildPhase;
			buildActionMask = 2147483647;
			files = (
			);
			runOnlyForDeploymentPostprocessing = 0;
		};
/* End PBXResourcesBuildPhase section */

/* Begin PBXSourcesBuildPhase section */
		3CACF01E1A8DF9B600253099 /* Sources */ = {
			isa = PBXSourcesBuildPhase;
			buildActionMask = 2147483647;
			files = (
				3CACF02B1A8DF9B600253099 /* AppDelegate.m in Sources */,
				3CACF0281A8DF9B600253099 /* main.m in Sources */,
				3CACF04D1A8DFB2700253099 /* MainTableViewController.m in Sources */,
			);
			runOnlyForDeploymentPostprocessing = 0;
		};
		3CACF0371A8DF9B600253099 /* Sources */ = {
			isa = PBXSourcesBuildPhase;
			buildActionMask = 2147483647;
			files = (
				3CACF0421A8DF9B600253099 /* tableview__Tests.m in Sources */,
			);
			runOnlyForDeploymentPostprocessing = 0;
		};
/* End PBXSourcesBuildPhase section */

/* Begin PBXTargetDependency section */
		3CACF03D1A8DF9B600253099 /* PBXTargetDependency */ = {
			isa = PBXTargetDependency;
			target = 3CACF0211A8DF9B600253099 /* tableview练习 */;
			targetProxy = 3CACF03C1A8DF9B600253099 /* PBXContainerItemProxy */;
		};
/* End PBXTargetDependency section */

/* Begin PBXVariantGroup section */
		3CACF02F1A8DF9B600253099 /* Main.storyboard */ = {
			isa = PBXVariantGroup;
			children = (
				3CACF0301A8DF9B600253099 /* Base */,
			);
			name = Main.storyboard;
			sourceTree = "<group>";
		};
		3CACF0341A8DF9B600253099 /* LaunchScreen.xib */ = {
			isa = PBXVariantGroup;
			children = (
				3CACF0351A8DF9B600253099 /* Base */,
			);
			name = LaunchScreen.xib;
			sourceTree = "<group>";
		};
/* End PBXVariantGroup section */

/* Begin XCBuildConfiguration section */
		3CACF0431A8DF9B600253099 /* Debug */ = {
			isa = XCBuildConfiguration;
			buildSettings = {
				ALWAYS_SEARCH_USER_PATHS = NO;
				CLANG_CXX_LANGUAGE_STANDARD = "gnu++0x";
				CLANG_CXX_LIBRARY = "libc++";
				CLANG_ENABLE_MODULES = YES;
				CLANG_ENABLE_OBJC_ARC = YES;
				CLANG_WARN_BOOL_CONVERSION = YES;
				CLANG_WARN_CONSTANT_CONVERSION = YES;
				CLANG_WARN_DIRECT_OBJC_ISA_USAGE = YES_ERROR;
				CLANG_WARN_EMPTY_BODY = YES;
				CLANG_WARN_ENUM_CONVERSION = YES;
				CLANG_WARN_INT_CONVERSION = YES;
				CLANG_WARN_OBJC_ROOT_CLASS = YES_ERROR;
				CLANG_WARN_UNREACHABLE_CODE = YES;
				CLANG_WARN__DUPLICATE_METHOD_MATCH = YES;
				"CODE_SIGN_IDENTITY[sdk=iphoneos*]" = "iPhone Developer";
				COPY_PHASE_STRIP = NO;
				ENABLE_STRICT_OBJC_MSGSEND = YES;
				GCC_C_LANGUAGE_STANDARD = gnu99;
				GCC_DYNAMIC_NO_PIC = NO;
				GCC_OPTIMIZATION_LEVEL = 0;
				GCC_PREPROCESSOR_DEFINITIONS = (
					"DEBUG=1",
					"$(inherited)",
				);
				GCC_SYMBOLS_PRIVATE_EXTERN = NO;
				GCC_WARN_64_TO_32_BIT_CONVERSION = YES;
				GCC_WARN_ABOUT_RETURN_TYPE = YES_ERROR;
				GCC_WARN_UNDECLARED_SELECTOR = YES;
				GCC_WARN_UNINITIALIZED_AUTOS = YES_AGGRESSIVE;
				GCC_WARN_UNUSED_FUNCTION = YES;
				GCC_WARN_UNUSED_VARIABLE = YES;
				IPHONEOS_DEPLOYMENT_TARGET = 8.1;
				MTL_ENABLE_DEBUG_INFO = YES;
				ONLY_ACTIVE_ARCH = YES;
				SDKROOT = iphoneos;
			};
			name = Debug;
		};
		3CACF0441A8DF9B600253099 /* Release */ = {
			isa = XCBuildConfiguration;
			buildSettings = {
				ALWAYS_SEARCH_USER_PATHS = NO;
				CLANG_CXX_LANGUAGE_STANDARD = "gnu++0x";
				CLANG_CXX_LIBRARY = "libc++";
				CLANG_ENABLE_MODULES = YES;
				CLANG_ENABLE_OBJC_ARC = YES;
				CLANG_WARN_BOOL_CONVERSION = YES;
				CLANG_WARN_CONSTANT_CONVERSION = YES;
				CLANG_WARN_DIRECT_OBJC_ISA_USAGE = YES_ERROR;
				CLANG_WARN_EMPTY_BODY = YES;
				CLANG_WARN_ENUM_CONVERSION = YES;
				CLANG_WARN_INT_CONVERSION = YES;
				CLANG_WARN_OBJC_ROOT_CLASS = YES_ERROR;
				CLANG_WARN_UNREACHABLE_CODE = YES;
				CLANG_WARN__DUPLICATE_METHOD_MATCH = YES;
				"CODE_SIGN_IDENTITY[sdk=iphoneos*]" = "iPhone Developer";
				COPY_PHASE_STRIP = YES;
				ENABLE_NS_ASSERTIONS = NO;
				ENABLE_STRICT_OBJC_MSGSEND = YES;
				GCC_C_LANGUAGE_STANDARD = gnu99;
				GCC_WARN_64_TO_32_BIT_CONVERSION = YES;
				GCC_WARN_ABOUT_RETURN_TYPE = YES_ERROR;
				GCC_WARN_UNDECLARED_SELECTOR = YES;
				GCC_WARN_UNINITIALIZED_AUTOS = YES_AGGRESSIVE;
				GCC_WARN_UNUSED_FUNCTION = YES;
				GCC_WARN_UNUSED_VARIABLE = YES;
				IPHONEOS_DEPLOYMENT_TARGET = 8.1;
				MTL_ENABLE_DEBUG_INFO = NO;
				SDKROOT = iphoneos;
				VALIDATE_PRODUCT = YES;
			};
			name = Release;
		};
		3CACF0461A8DF9B600253099 /* Debug */ = {
			isa = XCBuildConfiguration;
			buildSettings = {
				ASSETCATALOG_COMPILER_APPICON_NAME = AppIcon;
				INFOPLIST_FILE = "tableview练习/Info.plist";
				LD_RUNPATH_SEARCH_PATHS = "$(inherited) @executable_path/Frameworks";
				PRODUCT_NAME = "$(TARGET_NAME)";
			};
			name = Debug;
		};
		3CACF0471A8DF9B600253099 /* Release */ = {
			isa = XCBuildConfiguration;
			buildSettings = {
				ASSETCATALOG_COMPILER_APPICON_NAME = AppIcon;
				INFOPLIST_FILE = "tableview练习/Info.plist";
				LD_RUNPATH_SEARCH_PATHS = "$(inherited) @executable_path/Frameworks";
				PRODUCT_NAME = "$(TARGET_NAME)";
			};
			name = Release;
		};
		3CACF0491A8DF9B600253099 /* Debug */ = {
			isa = XCBuildConfiguration;
			buildSettings = {
				BUNDLE_LOADER = "$(TEST_HOST)";
				FRAMEWORK_SEARCH_PATHS = (
					"$(SDKROOT)/Developer/Library/Frameworks",
					"$(inherited)",
				);
				GCC_PREPROCESSOR_DEFINITIONS = (
					"DEBUG=1",
					"$(inherited)",
				);
				INFOPLIST_FILE = "tableview练习Tests/Info.plist";
				LD_RUNPATH_SEARCH_PATHS = "$(inherited) @executable_path/Frameworks @loader_path/Frameworks";
				PRODUCT_NAME = "$(TARGET_NAME)";
				TEST_HOST = "$(BUILT_PRODUCTS_DIR)/tableview练习.app/tableview练习";
			};
			name = Debug;
		};
		3CACF04A1A8DF9B600253099 /* Release */ = {
			isa = XCBuildConfiguration;
			buildSettings = {
				BUNDLE_LOADER = "$(TEST_HOST)";
				FRAMEWORK_SEARCH_PATHS = (
					"$(SDKROOT)/Developer/Library/Frameworks",
					"$(inherited)",
				);
				INFOPLIST_FILE = "tableview练习Tests/Info.plist";
				LD_RUNPATH_SEARCH_PATHS = "$(inherited) @executable_path/Frameworks @loader_path/Frameworks";
				PRODUCT_NAME = "$(TARGET_NAME)";
				TEST_HOST = "$(BUILT_PRODUCTS_DIR)/tableview练习.app/tableview练习";
			};
			name = Release;
		};
/* End XCBuildConfiguration section */

/* Begin XCConfigurationList section */
		3CACF01D1A8DF9B600253099 /* Build configuration list for PBXProject "tableview练习" */ = {
			isa = XCConfigurationList;
			buildConfigurations = (
				3CACF0431A8DF9B600253099 /* Debug */,
				3CACF0441A8DF9B600253099 /* Release */,
			);
			defaultConfigurationIsVisible = 0;
			defaultConfigurationName = Release;
		};
		3CACF0451A8DF9B600253099 /* Build configuration list for PBXNativeTarget "tableview练习" */ = {
			isa = XCConfigurationList;
			buildConfigurations = (
				3CACF0461A8DF9B600253099 /* Debug */,
				3CACF0471A8DF9B600253099 /* Release */,
			);
			defaultConfigurationIsVisible = 0;
		};
		3CACF0481A8DF9B600253099 /* Build configuration list for PBXNativeTarget "tableview练习Tests" */ = {
			isa = XCConfigurationList;
			buildConfigurations = (
				3CACF0491A8DF9B600253099 /* Debug */,
				3CACF04A1A8DF9B600253099 /* Release */,
			);
			defaultConfigurationIsVisible = 0;
		};
/* End XCConfigurationList section */
	};
	rootObject = 3CACF01A1A8DF9B600253099 /* Project object */;
}
